
Microsoft Visual Studio Solution File, Format Version 12.00
# Visual Studio Version 17
VisualStudioVersion = 17.0.31903.59
MinimumVisualStudioVersion = 10.0.40219.1
Project("{2150E333-8FDC-42A3-9474-1A3956D46DE8}") = "src", "src", "{F7956033-D64C-4420-80D5-4AE98EF4670E}"
EndProject
Project("{FAE04EC0-301F-11D3-BF4B-00C04F79EFBC}") = "RunSuggestion.Core", "src\RunSuggestion.Core\RunSuggestion.Core.csproj", "{D08D2376-8193-4192-8AEB-AD3906864EC0}"
EndProject
Project("{2150E333-8FDC-42A3-9474-1A3956D46DE8}") = "tests", "tests", "{E1E21B6B-A00E-4919-A541-5025AF800539}"
EndProject
Project("{FAE04EC0-301F-11D3-BF4B-00C04F79EFBC}") = "RunSuggestion.Api.Unit.Tests", "tests\RunSuggestion.Api.Unit.Tests\RunSuggestion.Api.Unit.Tests.csproj", "{7CC900CB-44AD-4FB8-B53B-D79C61C49EF7}"
EndProject
Project("{FAE04EC0-301F-11D3-BF4B-00C04F79EFBC}") = "RunSuggestion.Core.Unit.Tests", "tests\RunSuggestion.Core.Unit.Tests\RunSuggestion.Core.Unit.Tests.csproj", "{C7481DDB-9A6C-48A3-B0CD-4519BC5F5E09}"
EndProject
Project("{FAE04EC0-301F-11D3-BF4B-00C04F79EFBC}") = "RunSuggestion.Api", "src\RunSuggestion.Api\RunSuggestion.Api.csproj", "{7A38330E-E163-4F63-87DD-451D639BE038}"
EndProject
Project("{FAE04EC0-301F-11D3-BF4B-00C04F79EFBC}") = "RunSuggestion.Api.Integration.Tests", "tests\RunSuggestion.Api.Integration.Tests\RunSuggestion.Api.Integration.Tests.csproj", "{9C292EFB-4D91-48B0-9D74-92E335AB48A0}"
EndProject
Project("{FAE04EC0-301F-11D3-BF4B-00C04F79EFBC}") = "RunSuggestion.TestHelpers", "tests\RunSuggestion.TestHelpers\RunSuggestion.TestHelpers.csproj", "{72FE84DC-54FF-4B15-80B7-C3506980CB57}"
EndProject
Project("{2150E333-8FDC-42A3-9474-1A3956D46DE8}") = "workflows", ".github\workflows", "{EF538FAC-DE93-4172-A20A-011B2ADC67F3}"
EndProject
Project("{FAE04EC0-301F-11D3-BF4B-00C04F79EFBC}") = "RunSuggestion.Web", "src\RunSuggestion.Web\RunSuggestion.Web.csproj", "{4B9E02F5-0E34-4BA8-A786-317502FE94A8}"
EndProject
Global
	GlobalSection(SolutionConfigurationPlatforms) = preSolution
		Debug|Any CPU = Debug|Any CPU
		Release|Any CPU = Release|Any CPU
	EndGlobalSection
	GlobalSection(SolutionProperties) = preSolution
		HideSolutionNode = FALSE
	EndGlobalSection
	GlobalSection(ProjectConfigurationPlatforms) = postSolution
		{D08D2376-8193-4192-8AEB-AD3906864EC0}.Debug|Any CPU.ActiveCfg = Debug|Any CPU
		{D08D2376-8193-4192-8AEB-AD3906864EC0}.Debug|Any CPU.Build.0 = Debug|Any CPU
		{D08D2376-8193-4192-8AEB-AD3906864EC0}.Release|Any CPU.ActiveCfg = Release|Any CPU
		{D08D2376-8193-4192-8AEB-AD3906864EC0}.Release|Any CPU.Build.0 = Release|Any CPU
		{7CC900CB-44AD-4FB8-B53B-D79C61C49EF7}.Debug|Any CPU.ActiveCfg = Debug|Any CPU
		{7CC900CB-44AD-4FB8-B53B-D79C61C49EF7}.Debug|Any CPU.Build.0 = Debug|Any CPU
		{7CC900CB-44AD-4FB8-B53B-D79C61C49EF7}.Release|Any CPU.ActiveCfg = Release|Any CPU
		{7CC900CB-44AD-4FB8-B53B-D79C61C49EF7}.Release|Any CPU.Build.0 = Release|Any CPU
		{C7481DDB-9A6C-48A3-B0CD-4519BC5F5E09}.Debug|Any CPU.ActiveCfg = Debug|Any CPU
		{C7481DDB-9A6C-48A3-B0CD-4519BC5F5E09}.Debug|Any CPU.Build.0 = Debug|Any CPU
		{C7481DDB-9A6C-48A3-B0CD-4519BC5F5E09}.Release|Any CPU.ActiveCfg = Release|Any CPU
		{C7481DDB-9A6C-48A3-B0CD-4519BC5F5E09}.Release|Any CPU.Build.0 = Release|Any CPU
		{7A38330E-E163-4F63-87DD-451D639BE038}.Debug|Any CPU.ActiveCfg = Debug|Any CPU
		{7A38330E-E163-4F63-87DD-451D639BE038}.Debug|Any CPU.Build.0 = Debug|Any CPU
		{7A38330E-E163-4F63-87DD-451D639BE038}.Release|Any CPU.ActiveCfg = Release|Any CPU
		{7A38330E-E163-4F63-87DD-451D639BE038}.Release|Any CPU.Build.0 = Release|Any CPU
		{9C292EFB-4D91-48B0-9D74-92E335AB48A0}.Debug|Any CPU.ActiveCfg = Debug|Any CPU
		{9C292EFB-4D91-48B0-9D74-92E335AB48A0}.Debug|Any CPU.Build.0 = Debug|Any CPU
		{9C292EFB-4D91-48B0-9D74-92E335AB48A0}.Release|Any CPU.ActiveCfg = Release|Any CPU
		{9C292EFB-4D91-48B0-9D74-92E335AB48A0}.Release|Any CPU.Build.0 = Release|Any CPU
		{72FE84DC-54FF-4B15-80B7-C3506980CB57}.Debug|Any CPU.ActiveCfg = Debug|Any CPU
		{72FE84DC-54FF-4B15-80B7-C3506980CB57}.Debug|Any CPU.Build.0 = Debug|Any CPU
		{72FE84DC-54FF-4B15-80B7-C3506980CB57}.Release|Any CPU.ActiveCfg = Release|Any CPU
		{72FE84DC-54FF-4B15-80B7-C3506980CB57}.Release|Any CPU.Build.0 = Release|Any CPU
		{4B9E02F5-0E34-4BA8-A786-317502FE94A8}.Debug|Any CPU.ActiveCfg = Debug|Any CPU
		{4B9E02F5-0E34-4BA8-A786-317502FE94A8}.Debug|Any CPU.Build.0 = Debug|Any CPU
		{4B9E02F5-0E34-4BA8-A786-317502FE94A8}.Release|Any CPU.ActiveCfg = Release|Any CPU
		{4B9E02F5-0E34-4BA8-A786-317502FE94A8}.Release|Any CPU.Build.0 = Release|Any CPU
	EndGlobalSection
	GlobalSection(NestedProjects) = preSolution
		{D08D2376-8193-4192-8AEB-AD3906864EC0} = {F7956033-D64C-4420-80D5-4AE98EF4670E}
		{7CC900CB-44AD-4FB8-B53B-D79C61C49EF7} = {E1E21B6B-A00E-4919-A541-5025AF800539}
		{C7481DDB-9A6C-48A3-B0CD-4519BC5F5E09} = {E1E21B6B-A00E-4919-A541-5025AF800539}
		{7A38330E-E163-4F63-87DD-451D639BE038} = {F7956033-D64C-4420-80D5-4AE98EF4670E}
		{9C292EFB-4D91-48B0-9D74-92E335AB48A0} = {E1E21B6B-A00E-4919-A541-5025AF800539}
		{72FE84DC-54FF-4B15-80B7-C3506980CB57} = {E1E21B6B-A00E-4919-A541-5025AF800539}
		{4B9E02F5-0E34-4BA8-A786-317502FE94A8} = {F7956033-D64C-4420-80D5-4AE98EF4670E}
	EndGlobalSection
EndGlobal
